
Microsoft Visual Studio Solution File, Format Version 12.00
# Visual Studio Version 17
VisualStudioVersion = 17.5.33502.453
MinimumVisualStudioVersion = 10.0.40219.1
Project("{FAE04EC0-301F-11D3-BF4B-00C04F79EFBC}") = "VMS", "VMS.csproj", "{B618CC96-3D3C-40AC-864F-8A2A6F6355CF}"
EndProject
Project("{FAE04EC0-301F-11D3-BF4B-00C04F79EFBC}") = "VMS.Library", "..\VMS.Library\VMS.Library.csproj", "{D81BF7E0-EEF4-46FA-B922-9EFBDB23AD6A}"
EndProject
Project("{FAE04EC0-301F-11D3-BF4B-00C04F79EFBC}") = "VMS.Data", "..\VMS.Data\VMS.Data.csproj", "{86A75BF8-CC93-4373-8DDF-F29E9A94A53D}"
EndProject
Global
	GlobalSection(SolutionConfigurationPlatforms) = preSolution
		Debug|Any CPU = Debug|Any CPU
		Release|Any CPU = Release|Any CPU
	EndGlobalSection
	GlobalSection(ProjectConfigurationPlatforms) = postSolution
		{B618CC96-3D3C-40AC-864F-8A2A6F6355CF}.Debug|Any CPU.ActiveCfg = Debug|Any CPU
		{B618CC96-3D3C-40AC-864F-8A2A6F6355CF}.Debug|Any CPU.Build.0 = Debug|Any CPU
		{B618CC96-3D3C-40AC-864F-8A2A6F6355CF}.Release|Any CPU.ActiveCfg = Release|Any CPU
		{B618CC96-3D3C-40AC-864F-8A2A6F6355CF}.Release|Any CPU.Build.0 = Release|Any CPU
		{D81BF7E0-EEF4-46FA-B922-9EFBDB23AD6A}.Debug|Any CPU.ActiveCfg = Debug|Any CPU
		{D81BF7E0-EEF4-46FA-B922-9EFBDB23AD6A}.Debug|Any CPU.Build.0 = Debug|Any CPU
		{D81BF7E0-EEF4-46FA-B922-9EFBDB23AD6A}.Release|Any CPU.ActiveCfg = Release|Any CPU
		{D81BF7E0-EEF4-46FA-B922-9EFBDB23AD6A}.Release|Any CPU.Build.0 = Release|Any CPU
		{86A75BF8-CC93-4373-8DDF-F29E9A94A53D}.Debug|Any CPU.ActiveCfg = Debug|Any CPU
		{86A75BF8-CC93-4373-8DDF-F29E9A94A53D}.Debug|Any CPU.Build.0 = Debug|Any CPU
		{86A75BF8-CC93-4373-8DDF-F29E9A94A53D}.Release|Any CPU.ActiveCfg = Release|Any CPU
		{86A75BF8-CC93-4373-8DDF-F29E9A94A53D}.Release|Any CPU.Build.0 = Release|Any CPU
	EndGlobalSection
	GlobalSection(SolutionProperties) = preSolution
		HideSolutionNode = FALSE
	EndGlobalSection
	GlobalSection(ExtensibilityGlobals) = postSolution
		SolutionGuid = {81F12DD0-9ACB-462A-8C62-6778BC02E7FE}
	EndGlobalSection
EndGlobal
